
Microsoft Visual Studio Solution File, Format Version 12.00
# Visual Studio Version 17
VisualStudioVersion = 17.14.36327.8 d17.14
MinimumVisualStudioVersion = 10.0.40219.1
Project("{FAE04EC0-301F-11D3-BF4B-00C04F79EFBC}") = "SharedPool.Domain", "SharedPool.Domain\SharedPool.Domain.csproj", "{6D5B1FB5-267D-477A-A1C7-FDEDB0A56B52}"
EndProject
Project("{FAE04EC0-301F-11D3-BF4B-00C04F79EFBC}") = "SharedPool.Application", "SharedPool.Application\SharedPool.Application.csproj", "{F8A2F623-81BF-4817-B530-D5AFC9DB87D1}"
EndProject
Project("{FAE04EC0-301F-11D3-BF4B-00C04F79EFBC}") = "SharedPool.Infrastructure", "SharedPool.Infrastructure\SharedPool.Infrastructure.csproj", "{58129577-52FA-40EC-8ADA-8E680D53F63C}"
EndProject
Project("{FAE04EC0-301F-11D3-BF4B-00C04F79EFBC}") = "SharedPool.API", "SharedPool.API\SharedPool.API.csproj", "{DDCFF529-EFF4-4E1C-888A-CB8DFD07DE40}"
EndProject
Global
	GlobalSection(SolutionConfigurationPlatforms) = preSolution
		Debug|Any CPU = Debug|Any CPU
		Release|Any CPU = Release|Any CPU
	EndGlobalSection
	GlobalSection(ProjectConfigurationPlatforms) = postSolution
		{6D5B1FB5-267D-477A-A1C7-FDEDB0A56B52}.Debug|Any CPU.ActiveCfg = Debug|Any CPU
		{6D5B1FB5-267D-477A-A1C7-FDEDB0A56B52}.Debug|Any CPU.Build.0 = Debug|Any CPU
		{6D5B1FB5-267D-477A-A1C7-FDEDB0A56B52}.Release|Any CPU.ActiveCfg = Release|Any CPU
		{6D5B1FB5-267D-477A-A1C7-FDEDB0A56B52}.Release|Any CPU.Build.0 = Release|Any CPU
		{F8A2F623-81BF-4817-B530-D5AFC9DB87D1}.Debug|Any CPU.ActiveCfg = Debug|Any CPU
		{F8A2F623-81BF-4817-B530-D5AFC9DB87D1}.Debug|Any CPU.Build.0 = Debug|Any CPU
		{F8A2F623-81BF-4817-B530-D5AFC9DB87D1}.Release|Any CPU.ActiveCfg = Release|Any CPU
		{F8A2F623-81BF-4817-B530-D5AFC9DB87D1}.Release|Any CPU.Build.0 = Release|Any CPU
		{58129577-52FA-40EC-8ADA-8E680D53F63C}.Debug|Any CPU.ActiveCfg = Debug|Any CPU
		{58129577-52FA-40EC-8ADA-8E680D53F63C}.Debug|Any CPU.Build.0 = Debug|Any CPU
		{58129577-52FA-40EC-8ADA-8E680D53F63C}.Release|Any CPU.ActiveCfg = Release|Any CPU
		{58129577-52FA-40EC-8ADA-8E680D53F63C}.Release|Any CPU.Build.0 = Release|Any CPU
		{DDCFF529-EFF4-4E1C-888A-CB8DFD07DE40}.Debug|Any CPU.ActiveCfg = Debug|Any CPU
		{DDCFF529-EFF4-4E1C-888A-CB8DFD07DE40}.Debug|Any CPU.Build.0 = Debug|Any CPU
		{DDCFF529-EFF4-4E1C-888A-CB8DFD07DE40}.Release|Any CPU.ActiveCfg = Release|Any CPU
		{DDCFF529-EFF4-4E1C-888A-CB8DFD07DE40}.Release|Any CPU.Build.0 = Release|Any CPU
	EndGlobalSection
	GlobalSection(SolutionProperties) = preSolution
		HideSolutionNode = FALSE
	EndGlobalSection
	GlobalSection(ExtensibilityGlobals) = postSolution
		SolutionGuid = {6B289A4F-B544-478A-8A15-75D14A518F95}
	EndGlobalSection
EndGlobal
